
Microsoft Visual Studio Solution File, Format Version 12.00
# Visual Studio Version 16
VisualStudioVersion = 16.0.30711.63
MinimumVisualStudioVersion = 10.0.40219.1
Project("{FAE04EC0-301F-11D3-BF4B-00C04F79EFBC}") = "AppToCommunicatewithWCF", "AppToCommunicatewithWCF.csproj", "{222F79AA-3DD0-4482-B6B9-47255F2BDD77}"
EndProject
Global
	GlobalSection(SolutionConfigurationPlatforms) = preSolution
		Debug|Any CPU = Debug|Any CPU
		Release|Any CPU = Release|Any CPU
	EndGlobalSection
	GlobalSection(ProjectConfigurationPlatforms) = postSolution
		{222F79AA-3DD0-4482-B6B9-47255F2BDD77}.Debug|Any CPU.ActiveCfg = Debug|Any CPU
		{222F79AA-3DD0-4482-B6B9-47255F2BDD77}.Debug|Any CPU.Build.0 = Debug|Any CPU
		{222F79AA-3DD0-4482-B6B9-47255F2BDD77}.Release|Any CPU.ActiveCfg = Release|Any CPU
		{222F79AA-3DD0-4482-B6B9-47255F2BDD77}.Release|Any CPU.Build.0 = Release|Any CPU
	EndGlobalSection
	GlobalSection(SolutionProperties) = preSolution
		HideSolutionNode = FALSE
	EndGlobalSection
	GlobalSection(ExtensibilityGlobals) = postSolution
		SolutionGuid = {697D95BC-D14C-494A-A043-5BC875C973B2}
	EndGlobalSection
EndGlobal
